
Microsoft Visual Studio Solution File, Format Version 12.00
# Visual Studio Version 17
VisualStudioVersion = 17.8.34525.116
MinimumVisualStudioVersion = 10.0.40219.1
Project("{FAE04EC0-301F-11D3-BF4B-00C04F79EFBC}") = "PedidosLjWeb.Domain", "PediosLjWeb.Domain\PedidosLjWeb.Domain.csproj", "{E56C773C-2AB2-48CB-9BAA-FD902F3A4A7F}"
EndProject
Project("{FAE04EC0-301F-11D3-BF4B-00C04F79EFBC}") = "PedidosLjWeb.Repository", "PedidosLjWeb.Repository\PedidosLjWeb.Repository.csproj", "{571CE23D-0CBA-43C2-B7EA-5840176F4F83}"
EndProject
Project("{FAE04EC0-301F-11D3-BF4B-00C04F79EFBC}") = "PedidosLjWeb.Tests", "PedidosLjWeb.Tests\PedidosLjWeb.Tests.csproj", "{3E70BAD8-217C-4C10-9545-8F787B6ADD11}"
EndProject
Project("{FAE04EC0-301F-11D3-BF4B-00C04F79EFBC}") = "PedidosLjWeb.Application", "PedidosLjWeb.Application\PedidosLjWeb.Application.csproj", "{21A9DFA2-3AF2-4685-9358-105190644C15}"
EndProject
Project("{FAE04EC0-301F-11D3-BF4B-00C04F79EFBC}") = "PedidosLjWeb.Api", "PedidosLjWeb.Api\PedidosLjWeb.Api.csproj", "{8BF84BAB-5DA6-40E3-B0BF-537CBCA5E65B}"
EndProject
Global
	GlobalSection(SolutionConfigurationPlatforms) = preSolution
		Debug|Any CPU = Debug|Any CPU
		Release|Any CPU = Release|Any CPU
	EndGlobalSection
	GlobalSection(ProjectConfigurationPlatforms) = postSolution
		{E56C773C-2AB2-48CB-9BAA-FD902F3A4A7F}.Debug|Any CPU.ActiveCfg = Debug|Any CPU
		{E56C773C-2AB2-48CB-9BAA-FD902F3A4A7F}.Debug|Any CPU.Build.0 = Debug|Any CPU
		{E56C773C-2AB2-48CB-9BAA-FD902F3A4A7F}.Release|Any CPU.ActiveCfg = Release|Any CPU
		{E56C773C-2AB2-48CB-9BAA-FD902F3A4A7F}.Release|Any CPU.Build.0 = Release|Any CPU
		{571CE23D-0CBA-43C2-B7EA-5840176F4F83}.Debug|Any CPU.ActiveCfg = Debug|Any CPU
		{571CE23D-0CBA-43C2-B7EA-5840176F4F83}.Debug|Any CPU.Build.0 = Debug|Any CPU
		{571CE23D-0CBA-43C2-B7EA-5840176F4F83}.Release|Any CPU.ActiveCfg = Release|Any CPU
		{571CE23D-0CBA-43C2-B7EA-5840176F4F83}.Release|Any CPU.Build.0 = Release|Any CPU
		{3E70BAD8-217C-4C10-9545-8F787B6ADD11}.Debug|Any CPU.ActiveCfg = Debug|Any CPU
		{3E70BAD8-217C-4C10-9545-8F787B6ADD11}.Debug|Any CPU.Build.0 = Debug|Any CPU
		{3E70BAD8-217C-4C10-9545-8F787B6ADD11}.Release|Any CPU.ActiveCfg = Release|Any CPU
		{3E70BAD8-217C-4C10-9545-8F787B6ADD11}.Release|Any CPU.Build.0 = Release|Any CPU
		{21A9DFA2-3AF2-4685-9358-105190644C15}.Debug|Any CPU.ActiveCfg = Debug|Any CPU
		{21A9DFA2-3AF2-4685-9358-105190644C15}.Debug|Any CPU.Build.0 = Debug|Any CPU
		{21A9DFA2-3AF2-4685-9358-105190644C15}.Release|Any CPU.ActiveCfg = Release|Any CPU
		{21A9DFA2-3AF2-4685-9358-105190644C15}.Release|Any CPU.Build.0 = Release|Any CPU
		{8BF84BAB-5DA6-40E3-B0BF-537CBCA5E65B}.Debug|Any CPU.ActiveCfg = Debug|Any CPU
		{8BF84BAB-5DA6-40E3-B0BF-537CBCA5E65B}.Debug|Any CPU.Build.0 = Debug|Any CPU
		{8BF84BAB-5DA6-40E3-B0BF-537CBCA5E65B}.Release|Any CPU.ActiveCfg = Release|Any CPU
		{8BF84BAB-5DA6-40E3-B0BF-537CBCA5E65B}.Release|Any CPU.Build.0 = Release|Any CPU
	EndGlobalSection
	GlobalSection(SolutionProperties) = preSolution
		HideSolutionNode = FALSE
	EndGlobalSection
	GlobalSection(ExtensibilityGlobals) = postSolution
		SolutionGuid = {DEE1CA20-2F7E-4388-A867-3870DDDF1B86}
	EndGlobalSection
EndGlobal
